
Microsoft Visual Studio Solution File, Format Version 12.00
# Visual Studio Version 16
VisualStudioVersion = 16.0.29326.143
MinimumVisualStudioVersion = 10.0.40219.1
Project("{FAE04EC0-301F-11D3-BF4B-00C04F79EFBC}") = "ClassLibrary", "ClassLibrary\ClassLibrary.csproj", "{032FDBCF-B7FF-4EE5-92F8-65C6EDD415F9}"
EndProject
Project("{FAE04EC0-301F-11D3-BF4B-00C04F79EFBC}") = "ConsoleApp1", "ConsoleApp1\ConsoleApp1.csproj", "{C916D522-FB2B-4252-802B-2BE037DAB379}"
EndProject
Global
	GlobalSection(SolutionConfigurationPlatforms) = preSolution
		Debug|Any CPU = Debug|Any CPU
		Release|Any CPU = Release|Any CPU
	EndGlobalSection
	GlobalSection(ProjectConfigurationPlatforms) = postSolution
		{032FDBCF-B7FF-4EE5-92F8-65C6EDD415F9}.Debug|Any CPU.ActiveCfg = Debug|Any CPU
		{032FDBCF-B7FF-4EE5-92F8-65C6EDD415F9}.Debug|Any CPU.Build.0 = Debug|Any CPU
		{032FDBCF-B7FF-4EE5-92F8-65C6EDD415F9}.Release|Any CPU.ActiveCfg = Release|Any CPU
		{032FDBCF-B7FF-4EE5-92F8-65C6EDD415F9}.Release|Any CPU.Build.0 = Release|Any CPU
		{C916D522-FB2B-4252-802B-2BE037DAB379}.Debug|Any CPU.ActiveCfg = Debug|Any CPU
		{C916D522-FB2B-4252-802B-2BE037DAB379}.Debug|Any CPU.Build.0 = Debug|Any CPU
		{C916D522-FB2B-4252-802B-2BE037DAB379}.Release|Any CPU.ActiveCfg = Release|Any CPU
		{C916D522-FB2B-4252-802B-2BE037DAB379}.Release|Any CPU.Build.0 = Release|Any CPU
	EndGlobalSection
	GlobalSection(SolutionProperties) = preSolution
		HideSolutionNode = FALSE
	EndGlobalSection
	GlobalSection(ExtensibilityGlobals) = postSolution
		SolutionGuid = {CEE8BDDB-DA0B-465B-B358-E5F20EA840D4}
	EndGlobalSection
EndGlobal
